
Microsoft Visual Studio Solution File, Format Version 12.00
# Visual Studio Version 16
VisualStudioVersion = 16.0.30907.101
MinimumVisualStudioVersion = 10.0.40219.1
Project("{9A19103F-16F7-4668-BE54-9A1E7A4F7556}") = "Foreach", "Foreach\Foreach.csproj", "{FDF7D702-35EC-4F76-950F-1E8F8A301DD7}"
EndProject
Project("{9A19103F-16F7-4668-BE54-9A1E7A4F7556}") = "DateAndTime", "DateTime\DateAndTime.csproj", "{50CF229E-3197-4D86-AA4D-D6635950B77B}"
EndProject
Project("{FAE04EC0-301F-11D3-BF4B-00C04F79EFBC}") = "CopyObjectsUI", "CopyObjectsUI\CopyObjectsUI.csproj", "{0A78C0C7-942A-4825-BE99-9CD6B57A6533}"
EndProject
Project("{9A19103F-16F7-4668-BE54-9A1E7A4F7556}") = "PrimeNumbers", "PrimeNumbers\PrimeNumbers.csproj", "{5E557128-1392-4369-B9E5-DD7825971429}"
EndProject
Project("{9A19103F-16F7-4668-BE54-9A1E7A4F7556}") = "ProcessKillerTool", "ProcessKillerTool\ProcessKillerTool.csproj", "{503AF9CF-A73C-491B-88B1-2184BCAC71BC}"
EndProject
Project("{9A19103F-16F7-4668-BE54-9A1E7A4F7556}") = "Base64Converter", "Base64Converter\Base64Converter.csproj", "{83336D51-B639-45AB-AA11-890524738089}"
EndProject
Project("{FAE04EC0-301F-11D3-BF4B-00C04F79EFBC}") = "TuringMachine", "TuringMachine\TuringMachine.csproj", "{EE47C6E6-D639-4D85-A4A3-10C889FE021D}"
EndProject
Global
	GlobalSection(SolutionConfigurationPlatforms) = preSolution
		Debug|Any CPU = Debug|Any CPU
		Release|Any CPU = Release|Any CPU
	EndGlobalSection
	GlobalSection(ProjectConfigurationPlatforms) = postSolution
		{FDF7D702-35EC-4F76-950F-1E8F8A301DD7}.Debug|Any CPU.ActiveCfg = Debug|Any CPU
		{FDF7D702-35EC-4F76-950F-1E8F8A301DD7}.Debug|Any CPU.Build.0 = Debug|Any CPU
		{FDF7D702-35EC-4F76-950F-1E8F8A301DD7}.Release|Any CPU.ActiveCfg = Release|Any CPU
		{FDF7D702-35EC-4F76-950F-1E8F8A301DD7}.Release|Any CPU.Build.0 = Release|Any CPU
		{50CF229E-3197-4D86-AA4D-D6635950B77B}.Debug|Any CPU.ActiveCfg = Debug|Any CPU
		{50CF229E-3197-4D86-AA4D-D6635950B77B}.Debug|Any CPU.Build.0 = Debug|Any CPU
		{50CF229E-3197-4D86-AA4D-D6635950B77B}.Release|Any CPU.ActiveCfg = Release|Any CPU
		{50CF229E-3197-4D86-AA4D-D6635950B77B}.Release|Any CPU.Build.0 = Release|Any CPU
		{0A78C0C7-942A-4825-BE99-9CD6B57A6533}.Debug|Any CPU.ActiveCfg = Debug|Any CPU
		{0A78C0C7-942A-4825-BE99-9CD6B57A6533}.Debug|Any CPU.Build.0 = Debug|Any CPU
		{0A78C0C7-942A-4825-BE99-9CD6B57A6533}.Release|Any CPU.ActiveCfg = Debug|Any CPU
		{0A78C0C7-942A-4825-BE99-9CD6B57A6533}.Release|Any CPU.Build.0 = Debug|Any CPU
		{5E557128-1392-4369-B9E5-DD7825971429}.Debug|Any CPU.ActiveCfg = Debug|Any CPU
		{5E557128-1392-4369-B9E5-DD7825971429}.Debug|Any CPU.Build.0 = Debug|Any CPU
		{5E557128-1392-4369-B9E5-DD7825971429}.Release|Any CPU.ActiveCfg = Release|Any CPU
		{5E557128-1392-4369-B9E5-DD7825971429}.Release|Any CPU.Build.0 = Release|Any CPU
		{503AF9CF-A73C-491B-88B1-2184BCAC71BC}.Debug|Any CPU.ActiveCfg = Debug|Any CPU
		{503AF9CF-A73C-491B-88B1-2184BCAC71BC}.Debug|Any CPU.Build.0 = Debug|Any CPU
		{503AF9CF-A73C-491B-88B1-2184BCAC71BC}.Release|Any CPU.ActiveCfg = Release|Any CPU
		{503AF9CF-A73C-491B-88B1-2184BCAC71BC}.Release|Any CPU.Build.0 = Release|Any CPU
		{83336D51-B639-45AB-AA11-890524738089}.Debug|Any CPU.ActiveCfg = Debug|Any CPU
		{83336D51-B639-45AB-AA11-890524738089}.Debug|Any CPU.Build.0 = Debug|Any CPU
		{83336D51-B639-45AB-AA11-890524738089}.Release|Any CPU.ActiveCfg = Release|Any CPU
		{83336D51-B639-45AB-AA11-890524738089}.Release|Any CPU.Build.0 = Release|Any CPU
		{EE47C6E6-D639-4D85-A4A3-10C889FE021D}.Debug|Any CPU.ActiveCfg = Debug|Any CPU
		{EE47C6E6-D639-4D85-A4A3-10C889FE021D}.Debug|Any CPU.Build.0 = Debug|Any CPU
		{EE47C6E6-D639-4D85-A4A3-10C889FE021D}.Release|Any CPU.ActiveCfg = Release|Any CPU
		{EE47C6E6-D639-4D85-A4A3-10C889FE021D}.Release|Any CPU.Build.0 = Release|Any CPU
	EndGlobalSection
	GlobalSection(SolutionProperties) = preSolution
		HideSolutionNode = FALSE
	EndGlobalSection
	GlobalSection(ExtensibilityGlobals) = postSolution
		SolutionGuid = {5DB0AF07-31F1-40BA-BC25-15FB9BD02021}
	EndGlobalSection
EndGlobal
